
Microsoft Visual Studio Solution File, Format Version 10.00
# Visual Studio 2008
Project("{FAE04EC0-301F-11D3-BF4B-00C04F79EFBC}") = "30SiteBalance", "30SiteBalance\30SiteBalance.csproj", "{91121B40-8601-42B7-805B-08F920AFBE04}"
EndProject
Global
	GlobalSection(SolutionConfigurationPlatforms) = preSolution
		Debug|Any CPU = Debug|Any CPU
		Release|Any CPU = Release|Any CPU
	EndGlobalSection
	GlobalSection(ProjectConfigurationPlatforms) = postSolution
		{91121B40-8601-42B7-805B-08F920AFBE04}.Debug|Any CPU.ActiveCfg = Debug|Any CPU
		{91121B40-8601-42B7-805B-08F920AFBE04}.Debug|Any CPU.Build.0 = Debug|Any CPU
		{91121B40-8601-42B7-805B-08F920AFBE04}.Release|Any CPU.ActiveCfg = Release|Any CPU
		{91121B40-8601-42B7-805B-08F920AFBE04}.Release|Any CPU.Build.0 = Release|Any CPU
	EndGlobalSection
	GlobalSection(SolutionProperties) = preSolution
		HideSolutionNode = FALSE
	EndGlobalSection
EndGlobal
